
Microsoft Visual Studio Solution File, Format Version 12.00
# Visual Studio Version 17
VisualStudioVersion = 17.1.32421.90
MinimumVisualStudioVersion = 10.0.40219.1
Project("{FAE04EC0-301F-11D3-BF4B-00C04F79EFBC}") = "CalculadoraForms", "CalculadoraForms\CalculadoraForms.csproj", "{F8EDD581-5A06-4DFD-AB51-07B8C45D7489}"
EndProject
Global
	GlobalSection(SolutionConfigurationPlatforms) = preSolution
		Debug|Any CPU = Debug|Any CPU
		Release|Any CPU = Release|Any CPU
	EndGlobalSection
	GlobalSection(ProjectConfigurationPlatforms) = postSolution
		{F8EDD581-5A06-4DFD-AB51-07B8C45D7489}.Debug|Any CPU.ActiveCfg = Debug|Any CPU
		{F8EDD581-5A06-4DFD-AB51-07B8C45D7489}.Debug|Any CPU.Build.0 = Debug|Any CPU
		{F8EDD581-5A06-4DFD-AB51-07B8C45D7489}.Release|Any CPU.ActiveCfg = Release|Any CPU
		{F8EDD581-5A06-4DFD-AB51-07B8C45D7489}.Release|Any CPU.Build.0 = Release|Any CPU
	EndGlobalSection
	GlobalSection(SolutionProperties) = preSolution
		HideSolutionNode = FALSE
	EndGlobalSection
	GlobalSection(ExtensibilityGlobals) = postSolution
		SolutionGuid = {4F0F839F-A72B-4B94-83A9-F9CDBD52A35E}
	EndGlobalSection
EndGlobal
